
Microsoft Visual Studio Solution File, Format Version 12.00
# Visual Studio 14
VisualStudioVersion = 14.0.25420.1
MinimumVisualStudioVersion = 10.0.40219.1
Project("{8BC9CEB8-8B4A-11D0-8D11-00A0C91BC942}") = "Task №1", "Task №1\Task №1.vcxproj", "{94498CD7-D07C-4916-95BE-C2325A651778}"
EndProject
Project("{8BC9CEB8-8B4A-11D0-8D11-00A0C91BC942}") = "Task №2", "Task №2\Task №2.vcxproj", "{51538C14-5575-4EA5-BA75-D585534C37C7}"
EndProject
Project("{8BC9CEB8-8B4A-11D0-8D11-00A0C91BC942}") = "Task №3", "Task №3\Task №3.vcxproj", "{1C6A0EE4-BFF0-491D-9A09-55E64A0C0F61}"
EndProject
Project("{8BC9CEB8-8B4A-11D0-8D11-00A0C91BC942}") = "Task №5", "Task №5\Task №5.vcxproj", "{6A1484E8-9038-4D0F-A056-08479EE0EEE0}"
EndProject
Project("{8BC9CEB8-8B4A-11D0-8D11-00A0C91BC942}") = "Task №4", "Task №4\Task №4.vcxproj", "{A954F54A-FD31-4844-85EA-19D9004B5AB7}"
EndProject
Project("{8BC9CEB8-8B4A-11D0-8D11-00A0C91BC942}") = "Task №6", "Task №6\Task №6.vcxproj", "{8D84CD40-4E09-44E1-8B1A-16E1DA6383CB}"
EndProject
Project("{8BC9CEB8-8B4A-11D0-8D11-00A0C91BC942}") = "Task №7", "Task №7\Task №7.vcxproj", "{3DB303F5-45B0-4914-8BAA-4B31DA45637E}"
EndProject
Project("{8BC9CEB8-8B4A-11D0-8D11-00A0C91BC942}") = "Task №8", "Task №8\Task №8.vcxproj", "{9BA85696-D0A3-4D11-81C1-63386401ADBA}"
EndProject
Project("{8BC9CEB8-8B4A-11D0-8D11-00A0C91BC942}") = "Task №9", "Task №9\Task №9.vcxproj", "{52543A62-FD51-4D2D-BD69-1DEF16B2EFBD}"
EndProject
Project("{8BC9CEB8-8B4A-11D0-8D11-00A0C91BC942}") = "Task №10", "Task №10\Task №10.vcxproj", "{53F3B749-91B7-4301-AA56-9C1F61C50BED}"
EndProject
Project("{8BC9CEB8-8B4A-11D0-8D11-00A0C91BC942}") = "Task №11", "Taks №11\Taks №11.vcxproj", "{5A21BB05-F8D9-42C0-8C20-C64E83EE1E1C}"
EndProject
Project("{8BC9CEB8-8B4A-11D0-8D11-00A0C91BC942}") = "Task №12", "Task №12\Task №12.vcxproj", "{AD25B1AA-F401-40A5-ACCA-1469A25C4D93}"
EndProject
Project("{8BC9CEB8-8B4A-11D0-8D11-00A0C91BC942}") = "Task №13", "Task №13\Task №13.vcxproj", "{98DEECE5-B6F0-47AB-8505-7FAB32171B7F}"
EndProject
Project("{8BC9CEB8-8B4A-11D0-8D11-00A0C91BC942}") = "Task №14", "Task №14\Task №14.vcxproj", "{61D63562-81B8-417F-B94D-6FD561F53514}"
EndProject
Project("{8BC9CEB8-8B4A-11D0-8D11-00A0C91BC942}") = "Task №15", "Task №15\Task №15\Task №15.vcxproj", "{DE893E53-0414-4A7B-A7F0-C08066DA696B}"
EndProject
Global
	GlobalSection(SolutionConfigurationPlatforms) = preSolution
		Debug|Any CPU = Debug|Any CPU
		Debug|x64 = Debug|x64
		Debug|x86 = Debug|x86
		Release|Any CPU = Release|Any CPU
		Release|x64 = Release|x64
		Release|x86 = Release|x86
	EndGlobalSection
	GlobalSection(ProjectConfigurationPlatforms) = postSolution
		{94498CD7-D07C-4916-95BE-C2325A651778}.Debug|Any CPU.ActiveCfg = Debug|Win32
		{94498CD7-D07C-4916-95BE-C2325A651778}.Debug|x64.ActiveCfg = Debug|x64
		{94498CD7-D07C-4916-95BE-C2325A651778}.Debug|x64.Build.0 = Debug|x64
		{94498CD7-D07C-4916-95BE-C2325A651778}.Debug|x86.ActiveCfg = Debug|Win32
		{94498CD7-D07C-4916-95BE-C2325A651778}.Debug|x86.Build.0 = Debug|Win32
		{94498CD7-D07C-4916-95BE-C2325A651778}.Release|Any CPU.ActiveCfg = Release|Win32
		{94498CD7-D07C-4916-95BE-C2325A651778}.Release|x64.ActiveCfg = Release|x64
		{94498CD7-D07C-4916-95BE-C2325A651778}.Release|x64.Build.0 = Release|x64
		{94498CD7-D07C-4916-95BE-C2325A651778}.Release|x86.ActiveCfg = Release|Win32
		{94498CD7-D07C-4916-95BE-C2325A651778}.Release|x86.Build.0 = Release|Win32
		{51538C14-5575-4EA5-BA75-D585534C37C7}.Debug|Any CPU.ActiveCfg = Debug|Win32
		{51538C14-5575-4EA5-BA75-D585534C37C7}.Debug|x64.ActiveCfg = Debug|x64
		{51538C14-5575-4EA5-BA75-D585534C37C7}.Debug|x64.Build.0 = Debug|x64
		{51538C14-5575-4EA5-BA75-D585534C37C7}.Debug|x86.ActiveCfg = Debug|Win32
		{51538C14-5575-4EA5-BA75-D585534C37C7}.Debug|x86.Build.0 = Debug|Win32
		{51538C14-5575-4EA5-BA75-D585534C37C7}.Release|Any CPU.ActiveCfg = Release|Win32
		{51538C14-5575-4EA5-BA75-D585534C37C7}.Release|x64.ActiveCfg = Release|x64
		{51538C14-5575-4EA5-BA75-D585534C37C7}.Release|x64.Build.0 = Release|x64
		{51538C14-5575-4EA5-BA75-D585534C37C7}.Release|x86.ActiveCfg = Release|Win32
		{51538C14-5575-4EA5-BA75-D585534C37C7}.Release|x86.Build.0 = Release|Win32
		{1C6A0EE4-BFF0-491D-9A09-55E64A0C0F61}.Debug|Any CPU.ActiveCfg = Debug|Win32
		{1C6A0EE4-BFF0-491D-9A09-55E64A0C0F61}.Debug|x64.ActiveCfg = Debug|x64
		{1C6A0EE4-BFF0-491D-9A09-55E64A0C0F61}.Debug|x64.Build.0 = Debug|x64
		{1C6A0EE4-BFF0-491D-9A09-55E64A0C0F61}.Debug|x86.ActiveCfg = Debug|Win32
		{1C6A0EE4-BFF0-491D-9A09-55E64A0C0F61}.Debug|x86.Build.0 = Debug|Win32
		{1C6A0EE4-BFF0-491D-9A09-55E64A0C0F61}.Release|Any CPU.ActiveCfg = Release|Win32
		{1C6A0EE4-BFF0-491D-9A09-55E64A0C0F61}.Release|x64.ActiveCfg = Release|x64
		{1C6A0EE4-BFF0-491D-9A09-55E64A0C0F61}.Release|x64.Build.0 = Release|x64
		{1C6A0EE4-BFF0-491D-9A09-55E64A0C0F61}.Release|x86.ActiveCfg = Release|Win32
		{1C6A0EE4-BFF0-491D-9A09-55E64A0C0F61}.Release|x86.Build.0 = Release|Win32
		{6A1484E8-9038-4D0F-A056-08479EE0EEE0}.Debug|Any CPU.ActiveCfg = Debug|Win32
		{6A1484E8-9038-4D0F-A056-08479EE0EEE0}.Debug|x64.ActiveCfg = Debug|x64
		{6A1484E8-9038-4D0F-A056-08479EE0EEE0}.Debug|x64.Build.0 = Debug|x64
		{6A1484E8-9038-4D0F-A056-08479EE0EEE0}.Debug|x86.ActiveCfg = Debug|Win32
		{6A1484E8-9038-4D0F-A056-08479EE0EEE0}.Debug|x86.Build.0 = Debug|Win32
		{6A1484E8-9038-4D0F-A056-08479EE0EEE0}.Release|Any CPU.ActiveCfg = Release|Win32
		{6A1484E8-9038-4D0F-A056-08479EE0EEE0}.Release|x64.ActiveCfg = Release|x64
		{6A1484E8-9038-4D0F-A056-08479EE0EEE0}.Release|x64.Build.0 = Release|x64
		{6A1484E8-9038-4D0F-A056-08479EE0EEE0}.Release|x86.ActiveCfg = Release|Win32
		{6A1484E8-9038-4D0F-A056-08479EE0EEE0}.Release|x86.Build.0 = Release|Win32
		{A954F54A-FD31-4844-85EA-19D9004B5AB7}.Debug|Any CPU.ActiveCfg = Debug|Win32
		{A954F54A-FD31-4844-85EA-19D9004B5AB7}.Debug|x64.ActiveCfg = Debug|x64
		{A954F54A-FD31-4844-85EA-19D9004B5AB7}.Debug|x64.Build.0 = Debug|x64
		{A954F54A-FD31-4844-85EA-19D9004B5AB7}.Debug|x86.ActiveCfg = Debug|Win32
		{A954F54A-FD31-4844-85EA-19D9004B5AB7}.Debug|x86.Build.0 = Debug|Win32
		{A954F54A-FD31-4844-85EA-19D9004B5AB7}.Release|Any CPU.ActiveCfg = Release|Win32
		{A954F54A-FD31-4844-85EA-19D9004B5AB7}.Release|x64.ActiveCfg = Release|x64
		{A954F54A-FD31-4844-85EA-19D9004B5AB7}.Release|x64.Build.0 = Release|x64
		{A954F54A-FD31-4844-85EA-19D9004B5AB7}.Release|x86.ActiveCfg = Release|Win32
		{A954F54A-FD31-4844-85EA-19D9004B5AB7}.Release|x86.Build.0 = Release|Win32
		{8D84CD40-4E09-44E1-8B1A-16E1DA6383CB}.Debug|Any CPU.ActiveCfg = Debug|Win32
		{8D84CD40-4E09-44E1-8B1A-16E1DA6383CB}.Debug|x64.ActiveCfg = Debug|x64
		{8D84CD40-4E09-44E1-8B1A-16E1DA6383CB}.Debug|x64.Build.0 = Debug|x64
		{8D84CD40-4E09-44E1-8B1A-16E1DA6383CB}.Debug|x86.ActiveCfg = Debug|Win32
		{8D84CD40-4E09-44E1-8B1A-16E1DA6383CB}.Debug|x86.Build.0 = Debug|Win32
		{8D84CD40-4E09-44E1-8B1A-16E1DA6383CB}.Release|Any CPU.ActiveCfg = Release|Win32
		{8D84CD40-4E09-44E1-8B1A-16E1DA6383CB}.Release|x64.ActiveCfg = Release|x64
		{8D84CD40-4E09-44E1-8B1A-16E1DA6383CB}.Release|x64.Build.0 = Release|x64
		{8D84CD40-4E09-44E1-8B1A-16E1DA6383CB}.Release|x86.ActiveCfg = Release|Win32
		{8D84CD40-4E09-44E1-8B1A-16E1DA6383CB}.Release|x86.Build.0 = Release|Win32
		{3DB303F5-45B0-4914-8BAA-4B31DA45637E}.Debug|Any CPU.ActiveCfg = Debug|Win32
		{3DB303F5-45B0-4914-8BAA-4B31DA45637E}.Debug|x64.ActiveCfg = Debug|x64
		{3DB303F5-45B0-4914-8BAA-4B31DA45637E}.Debug|x64.Build.0 = Debug|x64
		{3DB303F5-45B0-4914-8BAA-4B31DA45637E}.Debug|x86.ActiveCfg = Debug|Win32
		{3DB303F5-45B0-4914-8BAA-4B31DA45637E}.Debug|x86.Build.0 = Debug|Win32
		{3DB303F5-45B0-4914-8BAA-4B31DA45637E}.Release|Any CPU.ActiveCfg = Release|Win32
		{3DB303F5-45B0-4914-8BAA-4B31DA45637E}.Release|x64.ActiveCfg = Release|x64
		{3DB303F5-45B0-4914-8BAA-4B31DA45637E}.Release|x64.Build.0 = Release|x64
		{3DB303F5-45B0-4914-8BAA-4B31DA45637E}.Release|x86.ActiveCfg = Release|Win32
		{3DB303F5-45B0-4914-8BAA-4B31DA45637E}.Release|x86.Build.0 = Release|Win32
		{9BA85696-D0A3-4D11-81C1-63386401ADBA}.Debug|Any CPU.ActiveCfg = Debug|Win32
		{9BA85696-D0A3-4D11-81C1-63386401ADBA}.Debug|x64.ActiveCfg = Debug|x64
		{9BA85696-D0A3-4D11-81C1-63386401ADBA}.Debug|x64.Build.0 = Debug|x64
		{9BA85696-D0A3-4D11-81C1-63386401ADBA}.Debug|x86.ActiveCfg = Debug|Win32
		{9BA85696-D0A3-4D11-81C1-63386401ADBA}.Debug|x86.Build.0 = Debug|Win32
		{9BA85696-D0A3-4D11-81C1-63386401ADBA}.Release|Any CPU.ActiveCfg = Release|Win32
		{9BA85696-D0A3-4D11-81C1-63386401ADBA}.Release|x64.ActiveCfg = Release|x64
		{9BA85696-D0A3-4D11-81C1-63386401ADBA}.Release|x64.Build.0 = Release|x64
		{9BA85696-D0A3-4D11-81C1-63386401ADBA}.Release|x86.ActiveCfg = Release|Win32
		{9BA85696-D0A3-4D11-81C1-63386401ADBA}.Release|x86.Build.0 = Release|Win32
		{52543A62-FD51-4D2D-BD69-1DEF16B2EFBD}.Debug|Any CPU.ActiveCfg = Debug|Win32
		{52543A62-FD51-4D2D-BD69-1DEF16B2EFBD}.Debug|x64.ActiveCfg = Debug|x64
		{52543A62-FD51-4D2D-BD69-1DEF16B2EFBD}.Debug|x64.Build.0 = Debug|x64
		{52543A62-FD51-4D2D-BD69-1DEF16B2EFBD}.Debug|x86.ActiveCfg = Debug|Win32
		{52543A62-FD51-4D2D-BD69-1DEF16B2EFBD}.Debug|x86.Build.0 = Debug|Win32
		{52543A62-FD51-4D2D-BD69-1DEF16B2EFBD}.Release|Any CPU.ActiveCfg = Release|Win32
		{52543A62-FD51-4D2D-BD69-1DEF16B2EFBD}.Release|x64.ActiveCfg = Release|x64
		{52543A62-FD51-4D2D-BD69-1DEF16B2EFBD}.Release|x64.Build.0 = Release|x64
		{52543A62-FD51-4D2D-BD69-1DEF16B2EFBD}.Release|x86.ActiveCfg = Release|Win32
		{52543A62-FD51-4D2D-BD69-1DEF16B2EFBD}.Release|x86.Build.0 = Release|Win32
		{53F3B749-91B7-4301-AA56-9C1F61C50BED}.Debug|Any CPU.ActiveCfg = Debug|Win32
		{53F3B749-91B7-4301-AA56-9C1F61C50BED}.Debug|x64.ActiveCfg = Debug|x64
		{53F3B749-91B7-4301-AA56-9C1F61C50BED}.Debug|x64.Build.0 = Debug|x64
		{53F3B749-91B7-4301-AA56-9C1F61C50BED}.Debug|x86.ActiveCfg = Debug|Win32
		{53F3B749-91B7-4301-AA56-9C1F61C50BED}.Debug|x86.Build.0 = Debug|Win32
		{53F3B749-91B7-4301-AA56-9C1F61C50BED}.Release|Any CPU.ActiveCfg = Release|Win32
		{53F3B749-91B7-4301-AA56-9C1F61C50BED}.Release|x64.ActiveCfg = Release|x64
		{53F3B749-91B7-4301-AA56-9C1F61C50BED}.Release|x64.Build.0 = Release|x64
		{53F3B749-91B7-4301-AA56-9C1F61C50BED}.Release|x86.ActiveCfg = Release|Win32
		{53F3B749-91B7-4301-AA56-9C1F61C50BED}.Release|x86.Build.0 = Release|Win32
		{5A21BB05-F8D9-42C0-8C20-C64E83EE1E1C}.Debug|Any CPU.ActiveCfg = Debug|Win32
		{5A21BB05-F8D9-42C0-8C20-C64E83EE1E1C}.Debug|x64.ActiveCfg = Debug|x64
		{5A21BB05-F8D9-42C0-8C20-C64E83EE1E1C}.Debug|x64.Build.0 = Debug|x64
		{5A21BB05-F8D9-42C0-8C20-C64E83EE1E1C}.Debug|x86.ActiveCfg = Debug|Win32
		{5A21BB05-F8D9-42C0-8C20-C64E83EE1E1C}.Debug|x86.Build.0 = Debug|Win32
		{5A21BB05-F8D9-42C0-8C20-C64E83EE1E1C}.Release|Any CPU.ActiveCfg = Release|Win32
		{5A21BB05-F8D9-42C0-8C20-C64E83EE1E1C}.Release|x64.ActiveCfg = Release|x64
		{5A21BB05-F8D9-42C0-8C20-C64E83EE1E1C}.Release|x64.Build.0 = Release|x64
		{5A21BB05-F8D9-42C0-8C20-C64E83EE1E1C}.Release|x86.ActiveCfg = Release|Win32
		{5A21BB05-F8D9-42C0-8C20-C64E83EE1E1C}.Release|x86.Build.0 = Release|Win32
		{AD25B1AA-F401-40A5-ACCA-1469A25C4D93}.Debug|Any CPU.ActiveCfg = Debug|Win32
		{AD25B1AA-F401-40A5-ACCA-1469A25C4D93}.Debug|x64.ActiveCfg = Debug|x64
		{AD25B1AA-F401-40A5-ACCA-1469A25C4D93}.Debug|x64.Build.0 = Debug|x64
		{AD25B1AA-F401-40A5-ACCA-1469A25C4D93}.Debug|x86.ActiveCfg = Debug|Win32
		{AD25B1AA-F401-40A5-ACCA-1469A25C4D93}.Debug|x86.Build.0 = Debug|Win32
		{AD25B1AA-F401-40A5-ACCA-1469A25C4D93}.Release|Any CPU.ActiveCfg = Release|Win32
		{AD25B1AA-F401-40A5-ACCA-1469A25C4D93}.Release|x64.ActiveCfg = Release|x64
		{AD25B1AA-F401-40A5-ACCA-1469A25C4D93}.Release|x64.Build.0 = Release|x64
		{AD25B1AA-F401-40A5-ACCA-1469A25C4D93}.Release|x86.ActiveCfg = Release|Win32
		{AD25B1AA-F401-40A5-ACCA-1469A25C4D93}.Release|x86.Build.0 = Release|Win32
		{98DEECE5-B6F0-47AB-8505-7FAB32171B7F}.Debug|Any CPU.ActiveCfg = Debug|Win32
		{98DEECE5-B6F0-47AB-8505-7FAB32171B7F}.Debug|x64.ActiveCfg = Debug|x64
		{98DEECE5-B6F0-47AB-8505-7FAB32171B7F}.Debug|x64.Build.0 = Debug|x64
		{98DEECE5-B6F0-47AB-8505-7FAB32171B7F}.Debug|x86.ActiveCfg = Debug|Win32
		{98DEECE5-B6F0-47AB-8505-7FAB32171B7F}.Debug|x86.Build.0 = Debug|Win32
		{98DEECE5-B6F0-47AB-8505-7FAB32171B7F}.Release|Any CPU.ActiveCfg = Release|Win32
		{98DEECE5-B6F0-47AB-8505-7FAB32171B7F}.Release|x64.ActiveCfg = Release|x64
		{98DEECE5-B6F0-47AB-8505-7FAB32171B7F}.Release|x64.Build.0 = Release|x64
		{98DEECE5-B6F0-47AB-8505-7FAB32171B7F}.Release|x86.ActiveCfg = Release|Win32
		{98DEECE5-B6F0-47AB-8505-7FAB32171B7F}.Release|x86.Build.0 = Release|Win32
		{61D63562-81B8-417F-B94D-6FD561F53514}.Debug|Any CPU.ActiveCfg = Debug|Win32
		{61D63562-81B8-417F-B94D-6FD561F53514}.Debug|x64.ActiveCfg = Debug|x64
		{61D63562-81B8-417F-B94D-6FD561F53514}.Debug|x64.Build.0 = Debug|x64
		{61D63562-81B8-417F-B94D-6FD561F53514}.Debug|x86.ActiveCfg = Debug|Win32
		{61D63562-81B8-417F-B94D-6FD561F53514}.Debug|x86.Build.0 = Debug|Win32
		{61D63562-81B8-417F-B94D-6FD561F53514}.Release|Any CPU.ActiveCfg = Release|Win32
		{61D63562-81B8-417F-B94D-6FD561F53514}.Release|x64.ActiveCfg = Release|x64
		{61D63562-81B8-417F-B94D-6FD561F53514}.Release|x64.Build.0 = Release|x64
		{61D63562-81B8-417F-B94D-6FD561F53514}.Release|x86.ActiveCfg = Release|Win32
		{61D63562-81B8-417F-B94D-6FD561F53514}.Release|x86.Build.0 = Release|Win32
		{DE893E53-0414-4A7B-A7F0-C08066DA696B}.Debug|Any CPU.ActiveCfg = Debug|Win32
		{DE893E53-0414-4A7B-A7F0-C08066DA696B}.Debug|x64.ActiveCfg = Debug|x64
		{DE893E53-0414-4A7B-A7F0-C08066DA696B}.Debug|x64.Build.0 = Debug|x64
		{DE893E53-0414-4A7B-A7F0-C08066DA696B}.Debug|x86.ActiveCfg = Debug|Win32
		{DE893E53-0414-4A7B-A7F0-C08066DA696B}.Debug|x86.Build.0 = Debug|Win32
		{DE893E53-0414-4A7B-A7F0-C08066DA696B}.Release|Any CPU.ActiveCfg = Release|Win32
		{DE893E53-0414-4A7B-A7F0-C08066DA696B}.Release|x64.ActiveCfg = Release|x64
		{DE893E53-0414-4A7B-A7F0-C08066DA696B}.Release|x64.Build.0 = Release|x64
		{DE893E53-0414-4A7B-A7F0-C08066DA696B}.Release|x86.ActiveCfg = Release|Win32
		{DE893E53-0414-4A7B-A7F0-C08066DA696B}.Release|x86.Build.0 = Release|Win32
	EndGlobalSection
	GlobalSection(SolutionProperties) = preSolution
		HideSolutionNode = FALSE
	EndGlobalSection
EndGlobal
