
Microsoft Visual Studio Solution File, Format Version 12.00
# Visual Studio 14
VisualStudioVersion = 14.0.25420.1
MinimumVisualStudioVersion = 10.0.40219.1
Project("{8BC9CEB8-8B4A-11D0-8D11-00A0C91BC942}") = "Lesson №3.1", "Lesson №3.1\Lesson №3.1.vcxproj", "{7652B69C-8D30-4625-8C6A-378F8F71F553}"
EndProject
Project("{8BC9CEB8-8B4A-11D0-8D11-00A0C91BC942}") = "Lesson №4.1", "Lesson №4.1\Lesson №4.1.vcxproj", "{1DEF200A-6BC8-4378-84A1-AD7D1B09ADF4}"
EndProject
Project("{8BC9CEB8-8B4A-11D0-8D11-00A0C91BC942}") = "Lesson №4.2", "Lesson №4.2\Lesson №4.2.vcxproj", "{AFBFE4F0-D3EB-4579-BD7B-46E9776922A9}"
EndProject
Project("{8BC9CEB8-8B4A-11D0-8D11-00A0C91BC942}") = "Lesson №4.3", "Lesson №4.3\Lesson №4.3.vcxproj", "{DF88C5F8-3360-481E-A54C-D18CBDE1F1D6}"
EndProject
Project("{8BC9CEB8-8B4A-11D0-8D11-00A0C91BC942}") = "Lesson №4.4", "Lesson №4.4\Lesson №4.4.vcxproj", "{675A2FA5-BCCF-4FBF-802B-DCD68DD0D8D7}"
EndProject
Project("{2150E333-8FDC-42A3-9474-1A3956D46DE8}") = "Lessons №3", "Lessons №3", "{B678D96A-5A8D-48BD-9586-C5BD665C4C77}"
EndProject
Project("{2150E333-8FDC-42A3-9474-1A3956D46DE8}") = "Lessons №4", "Lessons №4", "{C0AC7596-4516-46B2-B4F5-1A242BDDD398}"
EndProject
Project("{2150E333-8FDC-42A3-9474-1A3956D46DE8}") = "Lessons №8", "Lessons №8", "{D3C6AC85-3CAE-43BD-8676-D1C2A6BE7C15}"
EndProject
Project("{2150E333-8FDC-42A3-9474-1A3956D46DE8}") = "Lessons №2", "Lessons №2", "{39CFC18D-D95F-4D83-AEC1-F2DE4F7D2584}"
EndProject
Project("{8BC9CEB8-8B4A-11D0-8D11-00A0C91BC942}") = "Lesson №2.2", "Lesson №2.2\Lesson №2.2.vcxproj", "{5E2D73F1-B52F-47A2-B9CC-43CC5373CBCD}"
EndProject
Project("{8BC9CEB8-8B4A-11D0-8D11-00A0C91BC942}") = "Lesson №2.3", "Lesson №2.3\Lesson №2.3.vcxproj", "{F0850F97-F39F-4A4D-8E7E-16B59542C8D5}"
EndProject
Project("{2150E333-8FDC-42A3-9474-1A3956D46DE8}") = "Lessons №5", "Lessons №5", "{A8DE0064-9910-4067-8B75-30DDC8BA74B9}"
EndProject
Project("{8BC9CEB8-8B4A-11D0-8D11-00A0C91BC942}") = "Lesson №5.1", "Lesson №5.1\Lesson №5.1.vcxproj", "{4E02E7C4-8E0C-4524-AA91-778B1319CDCA}"
EndProject
Project("{8BC9CEB8-8B4A-11D0-8D11-00A0C91BC942}") = "Lesson №5.2", "Lesson №5.2\Lesson №5.2.vcxproj", "{AA90CCE0-ADDE-4F06-8D47-83DAC7FD3C7A}"
EndProject
Project("{8BC9CEB8-8B4A-11D0-8D11-00A0C91BC942}") = "Lesson №7.1", "Lesson №7.1\Lesson №7.1.vcxproj", "{C84FBA7B-A79F-4BFA-A74A-616DC333EE85}"
EndProject
Project("{2150E333-8FDC-42A3-9474-1A3956D46DE8}") = "Lessons №7", "Lessons №7", "{631AE862-10AC-4C27-B6A1-8BBBC4384DFD}"
EndProject
Project("{2150E333-8FDC-42A3-9474-1A3956D46DE8}") = "Lessons №6", "Lessons №6", "{28916E42-8E35-4606-8E75-D0E6371DA978}"
EndProject
Project("{2150E333-8FDC-42A3-9474-1A3956D46DE8}") = "Lessons №1", "Lessons №1", "{997FB4AE-895C-43F3-AE08-62CECFCC412B}"
EndProject
Project("{8BC9CEB8-8B4A-11D0-8D11-00A0C91BC942}") = "Lesson №1.1", "Lesson №1.1\Lesson №1.1.vcxproj", "{6715C962-C062-4EB7-89A0-20F843BC8DBD}"
EndProject
Project("{8BC9CEB8-8B4A-11D0-8D11-00A0C91BC942}") = "Lesson №1.2", "Lesson №1.2\Lesson №1.2.vcxproj", "{EB1C5AA8-7C74-493A-BA20-CE24DAF2C781}"
EndProject
Project("{8BC9CEB8-8B4A-11D0-8D11-00A0C91BC942}") = "Lesson №1.3", "Lesson №1.3\Lesson №1.3.vcxproj", "{4A71C3BF-7A9D-4B23-889F-393848B324F9}"
EndProject
Project("{8BC9CEB8-8B4A-11D0-8D11-00A0C91BC942}") = "Lesson №2.1", "Lesson №2.1\Lesson №2.1.vcxproj", "{B7CFC038-EEDD-451B-863F-487D1DAD5DB1}"
EndProject
Project("{8BC9CEB8-8B4A-11D0-8D11-00A0C91BC942}") = "Lesson №6.1", "Lesson №6.1\Lesson 6.1.vcxproj", "{AC68536D-C1CA-4622-BE0D-72DCD1D377A6}"
EndProject
Project("{8BC9CEB8-8B4A-11D0-8D11-00A0C91BC942}") = "Lesson №8.1", "Lesson №8.1\Lesson №8.1.vcxproj", "{2EF7F281-8384-4979-81D6-9129F5513C7D}"
EndProject
Project("{8BC9CEB8-8B4A-11D0-8D11-00A0C91BC942}") = "Lesson №9.1", "Lesson №9.1\Lesson №9.1.vcxproj", "{7A8828A1-E045-4F5B-8A15-5752C4F94899}"
EndProject
Project("{8BC9CEB8-8B4A-11D0-8D11-00A0C91BC942}") = "Lesson №9.2", "Lesson №9.2\Lesson №9.2.vcxproj", "{6E75504D-6096-43FD-AF83-FE1EB014D1B0}"
EndProject
Project("{8BC9CEB8-8B4A-11D0-8D11-00A0C91BC942}") = "Lesson №9.3", "Lesson №9.3\Lesson №9.3.vcxproj", "{FA366C15-B814-4A0B-AB21-A1EF33451D2D}"
EndProject
Project("{8BC9CEB8-8B4A-11D0-8D11-00A0C91BC942}") = "Lesson №9.4", "Lesson №9.4\Lesson №9.4.vcxproj", "{F847BC8A-56B3-4AC8-BD0C-91D9624872B1}"
EndProject
Project("{2150E333-8FDC-42A3-9474-1A3956D46DE8}") = "Lessons №9", "Lessons №9", "{E4B0EB73-668A-4742-A308-00BADDB2FD07}"
EndProject
Project("{2150E333-8FDC-42A3-9474-1A3956D46DE8}") = "Lessons №10", "Lessons №10", "{F0BB7CD8-DBB6-4DD5-B966-7EFC13E9EEED}"
EndProject
Project("{8BC9CEB8-8B4A-11D0-8D11-00A0C91BC942}") = "Lesson №11.1", "Lesson №11.1\Lesson №11.1.vcxproj", "{EF168CA0-9449-4FF3-BEC2-650A204BC7FF}"
EndProject
Project("{8BC9CEB8-8B4A-11D0-8D11-00A0C91BC942}") = "Lesson №11.2", "Lesson №11.2\Lesson №11.2.vcxproj", "{89494874-5761-4023-AE5E-440FC5B5B31E}"
EndProject
Project("{2150E333-8FDC-42A3-9474-1A3956D46DE8}") = "Lessons №11", "Lessons №11", "{DA1CF38F-2F48-4EF4-BA32-3E1905124D80}"
EndProject
Project("{8BC9CEB8-8B4A-11D0-8D11-00A0C91BC942}") = "Lesson №12.1", "Lesson №12.1\Lesson №12.1.vcxproj", "{2DB834C2-CFE4-4423-B46C-FA0B6A126C73}"
EndProject
Project("{2150E333-8FDC-42A3-9474-1A3956D46DE8}") = "Lessons №12", "Lessons №12", "{02FA6EF6-7E9B-4976-BA3C-33EB271C831C}"
EndProject
Project("{2150E333-8FDC-42A3-9474-1A3956D46DE8}") = "Lessons №13", "Lessons №13", "{C0173FA5-DFC3-4A4D-BC07-3040544258D8}"
EndProject
Project("{8BC9CEB8-8B4A-11D0-8D11-00A0C91BC942}") = "Lesson №13.1", "Lesson №12.2\Lesson №12.2.vcxproj", "{B863AD4E-BC59-420C-920D-895A81E2791F}"
EndProject
Project("{8BC9CEB8-8B4A-11D0-8D11-00A0C91BC942}") = "Lesson №13.2", "Lesson №12.3\Lesson №12.3.vcxproj", "{591FC7EC-D528-4DBF-ADA6-3891CB9FD761}"
EndProject
Project("{8BC9CEB8-8B4A-11D0-8D11-00A0C91BC942}") = "Lesson №14.1", "Lesson №14.1\Lesson №14.1.vcxproj", "{0EE7CB07-6047-481B-BE5B-7F69EA1E1289}"
EndProject
Project("{2150E333-8FDC-42A3-9474-1A3956D46DE8}") = "Lessons №14", "Lessons №14", "{5C63A043-B084-404F-BFBC-B0B260360A38}"
EndProject
Project("{8BC9CEB8-8B4A-11D0-8D11-00A0C91BC942}") = "Lesson №15", "Lesson №15.1\Lesson №15.vcxproj", "{E0887D7E-1932-4C17-9CEA-32BADB8CCFD6}"
EndProject
Project("{2150E333-8FDC-42A3-9474-1A3956D46DE8}") = "Lessons №15", "Lessons №15", "{54CBEB99-C777-4349-BB81-7FC287670D2B}"
EndProject
Project("{8BC9CEB8-8B4A-11D0-8D11-00A0C91BC942}") = "Lesson №10.1", "Lesson №10\Lesson №10.vcxproj", "{FDBCD5C5-B5CC-453E-BE33-D966A4281752}"
EndProject
Project("{2150E333-8FDC-42A3-9474-1A3956D46DE8}") = "Lessons №16", "Lessons №16", "{B3A73DB9-F996-4470-999A-77CE9E76C3EC}"
EndProject
Project("{8BC9CEB8-8B4A-11D0-8D11-00A0C91BC942}") = "Lesson №16.1", "Lesson №16.1\Lesson №16.1.vcxproj", "{684F2011-B554-49C1-9533-EBFC5CCFE1AA}"
EndProject
Global
	GlobalSection(SolutionConfigurationPlatforms) = preSolution
		Debug|x64 = Debug|x64
		Debug|x86 = Debug|x86
		Release|x64 = Release|x64
		Release|x86 = Release|x86
	EndGlobalSection
	GlobalSection(ProjectConfigurationPlatforms) = postSolution
		{7652B69C-8D30-4625-8C6A-378F8F71F553}.Debug|x64.ActiveCfg = Debug|x64
		{7652B69C-8D30-4625-8C6A-378F8F71F553}.Debug|x64.Build.0 = Debug|x64
		{7652B69C-8D30-4625-8C6A-378F8F71F553}.Debug|x86.ActiveCfg = Debug|Win32
		{7652B69C-8D30-4625-8C6A-378F8F71F553}.Debug|x86.Build.0 = Debug|Win32
		{7652B69C-8D30-4625-8C6A-378F8F71F553}.Release|x64.ActiveCfg = Release|x64
		{7652B69C-8D30-4625-8C6A-378F8F71F553}.Release|x64.Build.0 = Release|x64
		{7652B69C-8D30-4625-8C6A-378F8F71F553}.Release|x86.ActiveCfg = Release|Win32
		{7652B69C-8D30-4625-8C6A-378F8F71F553}.Release|x86.Build.0 = Release|Win32
		{1DEF200A-6BC8-4378-84A1-AD7D1B09ADF4}.Debug|x64.ActiveCfg = Debug|x64
		{1DEF200A-6BC8-4378-84A1-AD7D1B09ADF4}.Debug|x64.Build.0 = Debug|x64
		{1DEF200A-6BC8-4378-84A1-AD7D1B09ADF4}.Debug|x86.ActiveCfg = Debug|Win32
		{1DEF200A-6BC8-4378-84A1-AD7D1B09ADF4}.Debug|x86.Build.0 = Debug|Win32
		{1DEF200A-6BC8-4378-84A1-AD7D1B09ADF4}.Release|x64.ActiveCfg = Release|x64
		{1DEF200A-6BC8-4378-84A1-AD7D1B09ADF4}.Release|x64.Build.0 = Release|x64
		{1DEF200A-6BC8-4378-84A1-AD7D1B09ADF4}.Release|x86.ActiveCfg = Release|Win32
		{1DEF200A-6BC8-4378-84A1-AD7D1B09ADF4}.Release|x86.Build.0 = Release|Win32
		{AFBFE4F0-D3EB-4579-BD7B-46E9776922A9}.Debug|x64.ActiveCfg = Debug|x64
		{AFBFE4F0-D3EB-4579-BD7B-46E9776922A9}.Debug|x64.Build.0 = Debug|x64
		{AFBFE4F0-D3EB-4579-BD7B-46E9776922A9}.Debug|x86.ActiveCfg = Debug|Win32
		{AFBFE4F0-D3EB-4579-BD7B-46E9776922A9}.Debug|x86.Build.0 = Debug|Win32
		{AFBFE4F0-D3EB-4579-BD7B-46E9776922A9}.Release|x64.ActiveCfg = Release|x64
		{AFBFE4F0-D3EB-4579-BD7B-46E9776922A9}.Release|x64.Build.0 = Release|x64
		{AFBFE4F0-D3EB-4579-BD7B-46E9776922A9}.Release|x86.ActiveCfg = Release|Win32
		{AFBFE4F0-D3EB-4579-BD7B-46E9776922A9}.Release|x86.Build.0 = Release|Win32
		{DF88C5F8-3360-481E-A54C-D18CBDE1F1D6}.Debug|x64.ActiveCfg = Debug|x64
		{DF88C5F8-3360-481E-A54C-D18CBDE1F1D6}.Debug|x64.Build.0 = Debug|x64
		{DF88C5F8-3360-481E-A54C-D18CBDE1F1D6}.Debug|x86.ActiveCfg = Debug|Win32
		{DF88C5F8-3360-481E-A54C-D18CBDE1F1D6}.Debug|x86.Build.0 = Debug|Win32
		{DF88C5F8-3360-481E-A54C-D18CBDE1F1D6}.Release|x64.ActiveCfg = Release|x64
		{DF88C5F8-3360-481E-A54C-D18CBDE1F1D6}.Release|x64.Build.0 = Release|x64
		{DF88C5F8-3360-481E-A54C-D18CBDE1F1D6}.Release|x86.ActiveCfg = Release|Win32
		{DF88C5F8-3360-481E-A54C-D18CBDE1F1D6}.Release|x86.Build.0 = Release|Win32
		{675A2FA5-BCCF-4FBF-802B-DCD68DD0D8D7}.Debug|x64.ActiveCfg = Debug|x64
		{675A2FA5-BCCF-4FBF-802B-DCD68DD0D8D7}.Debug|x64.Build.0 = Debug|x64
		{675A2FA5-BCCF-4FBF-802B-DCD68DD0D8D7}.Debug|x86.ActiveCfg = Debug|Win32
		{675A2FA5-BCCF-4FBF-802B-DCD68DD0D8D7}.Debug|x86.Build.0 = Debug|Win32
		{675A2FA5-BCCF-4FBF-802B-DCD68DD0D8D7}.Release|x64.ActiveCfg = Release|x64
		{675A2FA5-BCCF-4FBF-802B-DCD68DD0D8D7}.Release|x64.Build.0 = Release|x64
		{675A2FA5-BCCF-4FBF-802B-DCD68DD0D8D7}.Release|x86.ActiveCfg = Release|Win32
		{675A2FA5-BCCF-4FBF-802B-DCD68DD0D8D7}.Release|x86.Build.0 = Release|Win32
		{5E2D73F1-B52F-47A2-B9CC-43CC5373CBCD}.Debug|x64.ActiveCfg = Debug|x64
		{5E2D73F1-B52F-47A2-B9CC-43CC5373CBCD}.Debug|x64.Build.0 = Debug|x64
		{5E2D73F1-B52F-47A2-B9CC-43CC5373CBCD}.Debug|x86.ActiveCfg = Debug|Win32
		{5E2D73F1-B52F-47A2-B9CC-43CC5373CBCD}.Debug|x86.Build.0 = Debug|Win32
		{5E2D73F1-B52F-47A2-B9CC-43CC5373CBCD}.Release|x64.ActiveCfg = Release|x64
		{5E2D73F1-B52F-47A2-B9CC-43CC5373CBCD}.Release|x64.Build.0 = Release|x64
		{5E2D73F1-B52F-47A2-B9CC-43CC5373CBCD}.Release|x86.ActiveCfg = Release|Win32
		{5E2D73F1-B52F-47A2-B9CC-43CC5373CBCD}.Release|x86.Build.0 = Release|Win32
		{F0850F97-F39F-4A4D-8E7E-16B59542C8D5}.Debug|x64.ActiveCfg = Debug|x64
		{F0850F97-F39F-4A4D-8E7E-16B59542C8D5}.Debug|x64.Build.0 = Debug|x64
		{F0850F97-F39F-4A4D-8E7E-16B59542C8D5}.Debug|x86.ActiveCfg = Debug|Win32
		{F0850F97-F39F-4A4D-8E7E-16B59542C8D5}.Debug|x86.Build.0 = Debug|Win32
		{F0850F97-F39F-4A4D-8E7E-16B59542C8D5}.Release|x64.ActiveCfg = Release|x64
		{F0850F97-F39F-4A4D-8E7E-16B59542C8D5}.Release|x64.Build.0 = Release|x64
		{F0850F97-F39F-4A4D-8E7E-16B59542C8D5}.Release|x86.ActiveCfg = Release|Win32
		{F0850F97-F39F-4A4D-8E7E-16B59542C8D5}.Release|x86.Build.0 = Release|Win32
		{4E02E7C4-8E0C-4524-AA91-778B1319CDCA}.Debug|x64.ActiveCfg = Debug|x64
		{4E02E7C4-8E0C-4524-AA91-778B1319CDCA}.Debug|x64.Build.0 = Debug|x64
		{4E02E7C4-8E0C-4524-AA91-778B1319CDCA}.Debug|x86.ActiveCfg = Debug|Win32
		{4E02E7C4-8E0C-4524-AA91-778B1319CDCA}.Debug|x86.Build.0 = Debug|Win32
		{4E02E7C4-8E0C-4524-AA91-778B1319CDCA}.Release|x64.ActiveCfg = Release|x64
		{4E02E7C4-8E0C-4524-AA91-778B1319CDCA}.Release|x64.Build.0 = Release|x64
		{4E02E7C4-8E0C-4524-AA91-778B1319CDCA}.Release|x86.ActiveCfg = Release|Win32
		{4E02E7C4-8E0C-4524-AA91-778B1319CDCA}.Release|x86.Build.0 = Release|Win32
		{AA90CCE0-ADDE-4F06-8D47-83DAC7FD3C7A}.Debug|x64.ActiveCfg = Debug|x64
		{AA90CCE0-ADDE-4F06-8D47-83DAC7FD3C7A}.Debug|x64.Build.0 = Debug|x64
		{AA90CCE0-ADDE-4F06-8D47-83DAC7FD3C7A}.Debug|x86.ActiveCfg = Debug|Win32
		{AA90CCE0-ADDE-4F06-8D47-83DAC7FD3C7A}.Debug|x86.Build.0 = Debug|Win32
		{AA90CCE0-ADDE-4F06-8D47-83DAC7FD3C7A}.Release|x64.ActiveCfg = Release|x64
		{AA90CCE0-ADDE-4F06-8D47-83DAC7FD3C7A}.Release|x64.Build.0 = Release|x64
		{AA90CCE0-ADDE-4F06-8D47-83DAC7FD3C7A}.Release|x86.ActiveCfg = Release|Win32
		{AA90CCE0-ADDE-4F06-8D47-83DAC7FD3C7A}.Release|x86.Build.0 = Release|Win32
		{C84FBA7B-A79F-4BFA-A74A-616DC333EE85}.Debug|x64.ActiveCfg = Debug|x64
		{C84FBA7B-A79F-4BFA-A74A-616DC333EE85}.Debug|x64.Build.0 = Debug|x64
		{C84FBA7B-A79F-4BFA-A74A-616DC333EE85}.Debug|x86.ActiveCfg = Debug|Win32
		{C84FBA7B-A79F-4BFA-A74A-616DC333EE85}.Debug|x86.Build.0 = Debug|Win32
		{C84FBA7B-A79F-4BFA-A74A-616DC333EE85}.Release|x64.ActiveCfg = Release|x64
		{C84FBA7B-A79F-4BFA-A74A-616DC333EE85}.Release|x64.Build.0 = Release|x64
		{C84FBA7B-A79F-4BFA-A74A-616DC333EE85}.Release|x86.ActiveCfg = Release|Win32
		{C84FBA7B-A79F-4BFA-A74A-616DC333EE85}.Release|x86.Build.0 = Release|Win32
		{6715C962-C062-4EB7-89A0-20F843BC8DBD}.Debug|x64.ActiveCfg = Debug|x64
		{6715C962-C062-4EB7-89A0-20F843BC8DBD}.Debug|x64.Build.0 = Debug|x64
		{6715C962-C062-4EB7-89A0-20F843BC8DBD}.Debug|x86.ActiveCfg = Debug|Win32
		{6715C962-C062-4EB7-89A0-20F843BC8DBD}.Debug|x86.Build.0 = Debug|Win32
		{6715C962-C062-4EB7-89A0-20F843BC8DBD}.Release|x64.ActiveCfg = Release|x64
		{6715C962-C062-4EB7-89A0-20F843BC8DBD}.Release|x64.Build.0 = Release|x64
		{6715C962-C062-4EB7-89A0-20F843BC8DBD}.Release|x86.ActiveCfg = Release|Win32
		{6715C962-C062-4EB7-89A0-20F843BC8DBD}.Release|x86.Build.0 = Release|Win32
		{EB1C5AA8-7C74-493A-BA20-CE24DAF2C781}.Debug|x64.ActiveCfg = Debug|x64
		{EB1C5AA8-7C74-493A-BA20-CE24DAF2C781}.Debug|x64.Build.0 = Debug|x64
		{EB1C5AA8-7C74-493A-BA20-CE24DAF2C781}.Debug|x86.ActiveCfg = Debug|Win32
		{EB1C5AA8-7C74-493A-BA20-CE24DAF2C781}.Debug|x86.Build.0 = Debug|Win32
		{EB1C5AA8-7C74-493A-BA20-CE24DAF2C781}.Release|x64.ActiveCfg = Release|x64
		{EB1C5AA8-7C74-493A-BA20-CE24DAF2C781}.Release|x64.Build.0 = Release|x64
		{EB1C5AA8-7C74-493A-BA20-CE24DAF2C781}.Release|x86.ActiveCfg = Release|Win32
		{EB1C5AA8-7C74-493A-BA20-CE24DAF2C781}.Release|x86.Build.0 = Release|Win32
		{4A71C3BF-7A9D-4B23-889F-393848B324F9}.Debug|x64.ActiveCfg = Debug|x64
		{4A71C3BF-7A9D-4B23-889F-393848B324F9}.Debug|x64.Build.0 = Debug|x64
		{4A71C3BF-7A9D-4B23-889F-393848B324F9}.Debug|x86.ActiveCfg = Debug|Win32
		{4A71C3BF-7A9D-4B23-889F-393848B324F9}.Debug|x86.Build.0 = Debug|Win32
		{4A71C3BF-7A9D-4B23-889F-393848B324F9}.Release|x64.ActiveCfg = Release|x64
		{4A71C3BF-7A9D-4B23-889F-393848B324F9}.Release|x64.Build.0 = Release|x64
		{4A71C3BF-7A9D-4B23-889F-393848B324F9}.Release|x86.ActiveCfg = Release|Win32
		{4A71C3BF-7A9D-4B23-889F-393848B324F9}.Release|x86.Build.0 = Release|Win32
		{B7CFC038-EEDD-451B-863F-487D1DAD5DB1}.Debug|x64.ActiveCfg = Debug|x64
		{B7CFC038-EEDD-451B-863F-487D1DAD5DB1}.Debug|x64.Build.0 = Debug|x64
		{B7CFC038-EEDD-451B-863F-487D1DAD5DB1}.Debug|x86.ActiveCfg = Debug|Win32
		{B7CFC038-EEDD-451B-863F-487D1DAD5DB1}.Debug|x86.Build.0 = Debug|Win32
		{B7CFC038-EEDD-451B-863F-487D1DAD5DB1}.Release|x64.ActiveCfg = Release|x64
		{B7CFC038-EEDD-451B-863F-487D1DAD5DB1}.Release|x64.Build.0 = Release|x64
		{B7CFC038-EEDD-451B-863F-487D1DAD5DB1}.Release|x86.ActiveCfg = Release|Win32
		{B7CFC038-EEDD-451B-863F-487D1DAD5DB1}.Release|x86.Build.0 = Release|Win32
		{AC68536D-C1CA-4622-BE0D-72DCD1D377A6}.Debug|x64.ActiveCfg = Debug|x64
		{AC68536D-C1CA-4622-BE0D-72DCD1D377A6}.Debug|x64.Build.0 = Debug|x64
		{AC68536D-C1CA-4622-BE0D-72DCD1D377A6}.Debug|x86.ActiveCfg = Debug|Win32
		{AC68536D-C1CA-4622-BE0D-72DCD1D377A6}.Debug|x86.Build.0 = Debug|Win32
		{AC68536D-C1CA-4622-BE0D-72DCD1D377A6}.Release|x64.ActiveCfg = Release|x64
		{AC68536D-C1CA-4622-BE0D-72DCD1D377A6}.Release|x64.Build.0 = Release|x64
		{AC68536D-C1CA-4622-BE0D-72DCD1D377A6}.Release|x86.ActiveCfg = Release|Win32
		{AC68536D-C1CA-4622-BE0D-72DCD1D377A6}.Release|x86.Build.0 = Release|Win32
		{2EF7F281-8384-4979-81D6-9129F5513C7D}.Debug|x64.ActiveCfg = Debug|x64
		{2EF7F281-8384-4979-81D6-9129F5513C7D}.Debug|x64.Build.0 = Debug|x64
		{2EF7F281-8384-4979-81D6-9129F5513C7D}.Debug|x86.ActiveCfg = Debug|Win32
		{2EF7F281-8384-4979-81D6-9129F5513C7D}.Debug|x86.Build.0 = Debug|Win32
		{2EF7F281-8384-4979-81D6-9129F5513C7D}.Release|x64.ActiveCfg = Release|x64
		{2EF7F281-8384-4979-81D6-9129F5513C7D}.Release|x64.Build.0 = Release|x64
		{2EF7F281-8384-4979-81D6-9129F5513C7D}.Release|x86.ActiveCfg = Release|Win32
		{2EF7F281-8384-4979-81D6-9129F5513C7D}.Release|x86.Build.0 = Release|Win32
		{7A8828A1-E045-4F5B-8A15-5752C4F94899}.Debug|x64.ActiveCfg = Debug|x64
		{7A8828A1-E045-4F5B-8A15-5752C4F94899}.Debug|x64.Build.0 = Debug|x64
		{7A8828A1-E045-4F5B-8A15-5752C4F94899}.Debug|x86.ActiveCfg = Debug|Win32
		{7A8828A1-E045-4F5B-8A15-5752C4F94899}.Debug|x86.Build.0 = Debug|Win32
		{7A8828A1-E045-4F5B-8A15-5752C4F94899}.Release|x64.ActiveCfg = Release|x64
		{7A8828A1-E045-4F5B-8A15-5752C4F94899}.Release|x64.Build.0 = Release|x64
		{7A8828A1-E045-4F5B-8A15-5752C4F94899}.Release|x86.ActiveCfg = Release|Win32
		{7A8828A1-E045-4F5B-8A15-5752C4F94899}.Release|x86.Build.0 = Release|Win32
		{6E75504D-6096-43FD-AF83-FE1EB014D1B0}.Debug|x64.ActiveCfg = Debug|x64
		{6E75504D-6096-43FD-AF83-FE1EB014D1B0}.Debug|x64.Build.0 = Debug|x64
		{6E75504D-6096-43FD-AF83-FE1EB014D1B0}.Debug|x86.ActiveCfg = Debug|Win32
		{6E75504D-6096-43FD-AF83-FE1EB014D1B0}.Debug|x86.Build.0 = Debug|Win32
		{6E75504D-6096-43FD-AF83-FE1EB014D1B0}.Release|x64.ActiveCfg = Release|x64
		{6E75504D-6096-43FD-AF83-FE1EB014D1B0}.Release|x64.Build.0 = Release|x64
		{6E75504D-6096-43FD-AF83-FE1EB014D1B0}.Release|x86.ActiveCfg = Release|Win32
		{6E75504D-6096-43FD-AF83-FE1EB014D1B0}.Release|x86.Build.0 = Release|Win32
		{FA366C15-B814-4A0B-AB21-A1EF33451D2D}.Debug|x64.ActiveCfg = Debug|x64
		{FA366C15-B814-4A0B-AB21-A1EF33451D2D}.Debug|x64.Build.0 = Debug|x64
		{FA366C15-B814-4A0B-AB21-A1EF33451D2D}.Debug|x86.ActiveCfg = Debug|Win32
		{FA366C15-B814-4A0B-AB21-A1EF33451D2D}.Debug|x86.Build.0 = Debug|Win32
		{FA366C15-B814-4A0B-AB21-A1EF33451D2D}.Release|x64.ActiveCfg = Release|x64
		{FA366C15-B814-4A0B-AB21-A1EF33451D2D}.Release|x64.Build.0 = Release|x64
		{FA366C15-B814-4A0B-AB21-A1EF33451D2D}.Release|x86.ActiveCfg = Release|Win32
		{FA366C15-B814-4A0B-AB21-A1EF33451D2D}.Release|x86.Build.0 = Release|Win32
		{F847BC8A-56B3-4AC8-BD0C-91D9624872B1}.Debug|x64.ActiveCfg = Debug|x64
		{F847BC8A-56B3-4AC8-BD0C-91D9624872B1}.Debug|x64.Build.0 = Debug|x64
		{F847BC8A-56B3-4AC8-BD0C-91D9624872B1}.Debug|x86.ActiveCfg = Debug|Win32
		{F847BC8A-56B3-4AC8-BD0C-91D9624872B1}.Debug|x86.Build.0 = Debug|Win32
		{F847BC8A-56B3-4AC8-BD0C-91D9624872B1}.Release|x64.ActiveCfg = Release|x64
		{F847BC8A-56B3-4AC8-BD0C-91D9624872B1}.Release|x64.Build.0 = Release|x64
		{F847BC8A-56B3-4AC8-BD0C-91D9624872B1}.Release|x86.ActiveCfg = Release|Win32
		{F847BC8A-56B3-4AC8-BD0C-91D9624872B1}.Release|x86.Build.0 = Release|Win32
		{EF168CA0-9449-4FF3-BEC2-650A204BC7FF}.Debug|x64.ActiveCfg = Debug|x64
		{EF168CA0-9449-4FF3-BEC2-650A204BC7FF}.Debug|x64.Build.0 = Debug|x64
		{EF168CA0-9449-4FF3-BEC2-650A204BC7FF}.Debug|x86.ActiveCfg = Debug|Win32
		{EF168CA0-9449-4FF3-BEC2-650A204BC7FF}.Debug|x86.Build.0 = Debug|Win32
		{EF168CA0-9449-4FF3-BEC2-650A204BC7FF}.Release|x64.ActiveCfg = Release|x64
		{EF168CA0-9449-4FF3-BEC2-650A204BC7FF}.Release|x64.Build.0 = Release|x64
		{EF168CA0-9449-4FF3-BEC2-650A204BC7FF}.Release|x86.ActiveCfg = Release|Win32
		{EF168CA0-9449-4FF3-BEC2-650A204BC7FF}.Release|x86.Build.0 = Release|Win32
		{89494874-5761-4023-AE5E-440FC5B5B31E}.Debug|x64.ActiveCfg = Debug|x64
		{89494874-5761-4023-AE5E-440FC5B5B31E}.Debug|x64.Build.0 = Debug|x64
		{89494874-5761-4023-AE5E-440FC5B5B31E}.Debug|x86.ActiveCfg = Debug|Win32
		{89494874-5761-4023-AE5E-440FC5B5B31E}.Debug|x86.Build.0 = Debug|Win32
		{89494874-5761-4023-AE5E-440FC5B5B31E}.Release|x64.ActiveCfg = Release|x64
		{89494874-5761-4023-AE5E-440FC5B5B31E}.Release|x64.Build.0 = Release|x64
		{89494874-5761-4023-AE5E-440FC5B5B31E}.Release|x86.ActiveCfg = Release|Win32
		{89494874-5761-4023-AE5E-440FC5B5B31E}.Release|x86.Build.0 = Release|Win32
		{2DB834C2-CFE4-4423-B46C-FA0B6A126C73}.Debug|x64.ActiveCfg = Debug|x64
		{2DB834C2-CFE4-4423-B46C-FA0B6A126C73}.Debug|x64.Build.0 = Debug|x64
		{2DB834C2-CFE4-4423-B46C-FA0B6A126C73}.Debug|x86.ActiveCfg = Debug|Win32
		{2DB834C2-CFE4-4423-B46C-FA0B6A126C73}.Debug|x86.Build.0 = Debug|Win32
		{2DB834C2-CFE4-4423-B46C-FA0B6A126C73}.Release|x64.ActiveCfg = Release|x64
		{2DB834C2-CFE4-4423-B46C-FA0B6A126C73}.Release|x64.Build.0 = Release|x64
		{2DB834C2-CFE4-4423-B46C-FA0B6A126C73}.Release|x86.ActiveCfg = Release|Win32
		{2DB834C2-CFE4-4423-B46C-FA0B6A126C73}.Release|x86.Build.0 = Release|Win32
		{B863AD4E-BC59-420C-920D-895A81E2791F}.Debug|x64.ActiveCfg = Debug|x64
		{B863AD4E-BC59-420C-920D-895A81E2791F}.Debug|x64.Build.0 = Debug|x64
		{B863AD4E-BC59-420C-920D-895A81E2791F}.Debug|x86.ActiveCfg = Debug|Win32
		{B863AD4E-BC59-420C-920D-895A81E2791F}.Debug|x86.Build.0 = Debug|Win32
		{B863AD4E-BC59-420C-920D-895A81E2791F}.Release|x64.ActiveCfg = Release|x64
		{B863AD4E-BC59-420C-920D-895A81E2791F}.Release|x64.Build.0 = Release|x64
		{B863AD4E-BC59-420C-920D-895A81E2791F}.Release|x86.ActiveCfg = Release|Win32
		{B863AD4E-BC59-420C-920D-895A81E2791F}.Release|x86.Build.0 = Release|Win32
		{591FC7EC-D528-4DBF-ADA6-3891CB9FD761}.Debug|x64.ActiveCfg = Debug|x64
		{591FC7EC-D528-4DBF-ADA6-3891CB9FD761}.Debug|x64.Build.0 = Debug|x64
		{591FC7EC-D528-4DBF-ADA6-3891CB9FD761}.Debug|x86.ActiveCfg = Debug|Win32
		{591FC7EC-D528-4DBF-ADA6-3891CB9FD761}.Debug|x86.Build.0 = Debug|Win32
		{591FC7EC-D528-4DBF-ADA6-3891CB9FD761}.Release|x64.ActiveCfg = Release|x64
		{591FC7EC-D528-4DBF-ADA6-3891CB9FD761}.Release|x64.Build.0 = Release|x64
		{591FC7EC-D528-4DBF-ADA6-3891CB9FD761}.Release|x86.ActiveCfg = Release|Win32
		{591FC7EC-D528-4DBF-ADA6-3891CB9FD761}.Release|x86.Build.0 = Release|Win32
		{0EE7CB07-6047-481B-BE5B-7F69EA1E1289}.Debug|x64.ActiveCfg = Debug|x64
		{0EE7CB07-6047-481B-BE5B-7F69EA1E1289}.Debug|x64.Build.0 = Debug|x64
		{0EE7CB07-6047-481B-BE5B-7F69EA1E1289}.Debug|x86.ActiveCfg = Debug|Win32
		{0EE7CB07-6047-481B-BE5B-7F69EA1E1289}.Debug|x86.Build.0 = Debug|Win32
		{0EE7CB07-6047-481B-BE5B-7F69EA1E1289}.Release|x64.ActiveCfg = Release|x64
		{0EE7CB07-6047-481B-BE5B-7F69EA1E1289}.Release|x64.Build.0 = Release|x64
		{0EE7CB07-6047-481B-BE5B-7F69EA1E1289}.Release|x86.ActiveCfg = Release|Win32
		{0EE7CB07-6047-481B-BE5B-7F69EA1E1289}.Release|x86.Build.0 = Release|Win32
		{E0887D7E-1932-4C17-9CEA-32BADB8CCFD6}.Debug|x64.ActiveCfg = Debug|x64
		{E0887D7E-1932-4C17-9CEA-32BADB8CCFD6}.Debug|x64.Build.0 = Debug|x64
		{E0887D7E-1932-4C17-9CEA-32BADB8CCFD6}.Debug|x86.ActiveCfg = Debug|Win32
		{E0887D7E-1932-4C17-9CEA-32BADB8CCFD6}.Debug|x86.Build.0 = Debug|Win32
		{E0887D7E-1932-4C17-9CEA-32BADB8CCFD6}.Release|x64.ActiveCfg = Release|x64
		{E0887D7E-1932-4C17-9CEA-32BADB8CCFD6}.Release|x64.Build.0 = Release|x64
		{E0887D7E-1932-4C17-9CEA-32BADB8CCFD6}.Release|x86.ActiveCfg = Release|Win32
		{E0887D7E-1932-4C17-9CEA-32BADB8CCFD6}.Release|x86.Build.0 = Release|Win32
		{FDBCD5C5-B5CC-453E-BE33-D966A4281752}.Debug|x64.ActiveCfg = Debug|x64
		{FDBCD5C5-B5CC-453E-BE33-D966A4281752}.Debug|x64.Build.0 = Debug|x64
		{FDBCD5C5-B5CC-453E-BE33-D966A4281752}.Debug|x86.ActiveCfg = Debug|Win32
		{FDBCD5C5-B5CC-453E-BE33-D966A4281752}.Debug|x86.Build.0 = Debug|Win32
		{FDBCD5C5-B5CC-453E-BE33-D966A4281752}.Release|x64.ActiveCfg = Release|x64
		{FDBCD5C5-B5CC-453E-BE33-D966A4281752}.Release|x64.Build.0 = Release|x64
		{FDBCD5C5-B5CC-453E-BE33-D966A4281752}.Release|x86.ActiveCfg = Release|Win32
		{FDBCD5C5-B5CC-453E-BE33-D966A4281752}.Release|x86.Build.0 = Release|Win32
		{684F2011-B554-49C1-9533-EBFC5CCFE1AA}.Debug|x64.ActiveCfg = Debug|x64
		{684F2011-B554-49C1-9533-EBFC5CCFE1AA}.Debug|x64.Build.0 = Debug|x64
		{684F2011-B554-49C1-9533-EBFC5CCFE1AA}.Debug|x86.ActiveCfg = Debug|Win32
		{684F2011-B554-49C1-9533-EBFC5CCFE1AA}.Debug|x86.Build.0 = Debug|Win32
		{684F2011-B554-49C1-9533-EBFC5CCFE1AA}.Release|x64.ActiveCfg = Release|x64
		{684F2011-B554-49C1-9533-EBFC5CCFE1AA}.Release|x64.Build.0 = Release|x64
		{684F2011-B554-49C1-9533-EBFC5CCFE1AA}.Release|x86.ActiveCfg = Release|Win32
		{684F2011-B554-49C1-9533-EBFC5CCFE1AA}.Release|x86.Build.0 = Release|Win32
	EndGlobalSection
	GlobalSection(SolutionProperties) = preSolution
		HideSolutionNode = FALSE
	EndGlobalSection
	GlobalSection(NestedProjects) = preSolution
		{7652B69C-8D30-4625-8C6A-378F8F71F553} = {B678D96A-5A8D-48BD-9586-C5BD665C4C77}
		{1DEF200A-6BC8-4378-84A1-AD7D1B09ADF4} = {C0AC7596-4516-46B2-B4F5-1A242BDDD398}
		{AFBFE4F0-D3EB-4579-BD7B-46E9776922A9} = {C0AC7596-4516-46B2-B4F5-1A242BDDD398}
		{DF88C5F8-3360-481E-A54C-D18CBDE1F1D6} = {C0AC7596-4516-46B2-B4F5-1A242BDDD398}
		{675A2FA5-BCCF-4FBF-802B-DCD68DD0D8D7} = {C0AC7596-4516-46B2-B4F5-1A242BDDD398}
		{5E2D73F1-B52F-47A2-B9CC-43CC5373CBCD} = {39CFC18D-D95F-4D83-AEC1-F2DE4F7D2584}
		{F0850F97-F39F-4A4D-8E7E-16B59542C8D5} = {39CFC18D-D95F-4D83-AEC1-F2DE4F7D2584}
		{4E02E7C4-8E0C-4524-AA91-778B1319CDCA} = {A8DE0064-9910-4067-8B75-30DDC8BA74B9}
		{AA90CCE0-ADDE-4F06-8D47-83DAC7FD3C7A} = {A8DE0064-9910-4067-8B75-30DDC8BA74B9}
		{C84FBA7B-A79F-4BFA-A74A-616DC333EE85} = {631AE862-10AC-4C27-B6A1-8BBBC4384DFD}
		{6715C962-C062-4EB7-89A0-20F843BC8DBD} = {997FB4AE-895C-43F3-AE08-62CECFCC412B}
		{EB1C5AA8-7C74-493A-BA20-CE24DAF2C781} = {997FB4AE-895C-43F3-AE08-62CECFCC412B}
		{4A71C3BF-7A9D-4B23-889F-393848B324F9} = {997FB4AE-895C-43F3-AE08-62CECFCC412B}
		{B7CFC038-EEDD-451B-863F-487D1DAD5DB1} = {39CFC18D-D95F-4D83-AEC1-F2DE4F7D2584}
		{AC68536D-C1CA-4622-BE0D-72DCD1D377A6} = {28916E42-8E35-4606-8E75-D0E6371DA978}
		{2EF7F281-8384-4979-81D6-9129F5513C7D} = {D3C6AC85-3CAE-43BD-8676-D1C2A6BE7C15}
		{7A8828A1-E045-4F5B-8A15-5752C4F94899} = {E4B0EB73-668A-4742-A308-00BADDB2FD07}
		{6E75504D-6096-43FD-AF83-FE1EB014D1B0} = {E4B0EB73-668A-4742-A308-00BADDB2FD07}
		{FA366C15-B814-4A0B-AB21-A1EF33451D2D} = {E4B0EB73-668A-4742-A308-00BADDB2FD07}
		{F847BC8A-56B3-4AC8-BD0C-91D9624872B1} = {E4B0EB73-668A-4742-A308-00BADDB2FD07}
		{EF168CA0-9449-4FF3-BEC2-650A204BC7FF} = {DA1CF38F-2F48-4EF4-BA32-3E1905124D80}
		{89494874-5761-4023-AE5E-440FC5B5B31E} = {DA1CF38F-2F48-4EF4-BA32-3E1905124D80}
		{2DB834C2-CFE4-4423-B46C-FA0B6A126C73} = {02FA6EF6-7E9B-4976-BA3C-33EB271C831C}
		{B863AD4E-BC59-420C-920D-895A81E2791F} = {C0173FA5-DFC3-4A4D-BC07-3040544258D8}
		{591FC7EC-D528-4DBF-ADA6-3891CB9FD761} = {C0173FA5-DFC3-4A4D-BC07-3040544258D8}
		{0EE7CB07-6047-481B-BE5B-7F69EA1E1289} = {5C63A043-B084-404F-BFBC-B0B260360A38}
		{E0887D7E-1932-4C17-9CEA-32BADB8CCFD6} = {54CBEB99-C777-4349-BB81-7FC287670D2B}
		{FDBCD5C5-B5CC-453E-BE33-D966A4281752} = {F0BB7CD8-DBB6-4DD5-B966-7EFC13E9EEED}
		{684F2011-B554-49C1-9533-EBFC5CCFE1AA} = {B3A73DB9-F996-4470-999A-77CE9E76C3EC}
	EndGlobalSection
EndGlobal
